
Microsoft Visual Studio Solution File, Format Version 12.00
# Visual Studio Version 16
VisualStudioVersion = 16.0.30002.166
MinimumVisualStudioVersion = 10.0.40219.1
Project("{FAE04EC0-301F-11D3-BF4B-00C04F79EFBC}") = "CoreIdentity.Api", "CoreIdentity.Api\CoreIdentity.Api.csproj", "{1EC63C0A-F6D2-4493-B3C4-608DE862A99C}"
EndProject
Global
	GlobalSection(SolutionConfigurationPlatforms) = preSolution
		Debug|Any CPU = Debug|Any CPU
		Release|Any CPU = Release|Any CPU
	EndGlobalSection
	GlobalSection(ProjectConfigurationPlatforms) = postSolution
		{1EC63C0A-F6D2-4493-B3C4-608DE862A99C}.Debug|Any CPU.ActiveCfg = Debug|Any CPU
		{1EC63C0A-F6D2-4493-B3C4-608DE862A99C}.Debug|Any CPU.Build.0 = Debug|Any CPU
		{1EC63C0A-F6D2-4493-B3C4-608DE862A99C}.Release|Any CPU.ActiveCfg = Release|Any CPU
		{1EC63C0A-F6D2-4493-B3C4-608DE862A99C}.Release|Any CPU.Build.0 = Release|Any CPU
	EndGlobalSection
	GlobalSection(SolutionProperties) = preSolution
		HideSolutionNode = FALSE
	EndGlobalSection
	GlobalSection(ExtensibilityGlobals) = postSolution
		SolutionGuid = {F37EDF5F-A008-48E0-B1E7-42BFB30FBC19}
	EndGlobalSection
EndGlobal
